{
  "nodes": {
    "android-nixpkgs": {
      "inputs": {
        "flake-utils": "flake-utils",
        "nixpkgs": [
          "nixpkgs"
        ]
      },
      "locked": {
        "lastModified": 1621628224,
        "narHash": "sha256-Idt9tb70rO8fg/V1FYRuh5XZm1BNyrduUblyuJji3js=",
        "owner": "tadfisher",
        "repo": "android-nixpkgs",
        "rev": "979d7d7c501c96319803ecb1415a6ef0ff4317ca",
        "type": "github"
      },
      "original": {
        "owner": "tadfisher",
        "repo": "android-nixpkgs",
        "type": "github"
      }
    },
    "flake-utils": {
      "locked": {
        "lastModified": 1614513358,
        "narHash": "sha256-LakhOx3S1dRjnh0b5Dg3mbZyH0ToC9I8Y2wKSkBaTzU=",
        "owner": "numtide",
        "repo": "flake-utils",
        "rev": "5466c5bbece17adaab2d82fae80b46e807611bf3",
        "type": "github"
      },
      "original": {
        "owner": "numtide",
        "repo": "flake-utils",
        "type": "github"
      }
    },
    "flake-utils_2": {
      "locked": {
        "lastModified": 1620759905,
        "narHash": "sha256-WiyWawrgmyN0EdmiHyG2V+fqReiVi8bM9cRdMaKQOFg=",
        "owner": "numtide",
        "repo": "flake-utils",
        "rev": "b543720b25df6ffdfcf9227afafc5b8c1fabfae8",
        "type": "github"
      },
      "original": {
        "owner": "numtide",
        "repo": "flake-utils",
        "type": "github"
      }
    },
    "nixpkgs": {
      "locked": {
        "lastModified": 1623845087,
        "narHash": "sha256-4iLcOUOMfYpJrBGqGTo+zRnhPVb5qfaYp/9XCM40gdk=",
        "owner": "nixos",
        "repo": "nixpkgs",
        "rev": "b08ae54dd9daf4cceb03d49d681bfbd7ad013bb8",
        "type": "github"
      },
      "original": {
        "owner": "nixos",
        "ref": "staging-next",
        "repo": "nixpkgs",
        "type": "github"
      }
    },
    "root": {
      "inputs": {
        "android-nixpkgs": "android-nixpkgs",
        "flake-utils": "flake-utils_2",
        "nixpkgs": "nixpkgs"
      }
    }
  },
  "root": "root",
  "version": 7
}
